{
  "name": "tree-sitter-rescript",
  "version": "1.2.0",
  "lockfileVersion": 3,
  "requires": true,
  "packages": {
    "": {
      "name": "tree-sitter-rescript",
      "version": "1.2.0",
      "hasInstallScript": true,
      "license": "MIT",
      "dependencies": {
        "nan": "^2.15.0",
        "node-addon-api": "^8.2.2",
        "node-gyp-build": "^4.8.2"
      },
      "devDependencies": {
        "rescript": "^12.0.2",
        "tree-sitter-cli": "^0.26.3"
      },
      "peerDependencies": {
        "tree-sitter": "^0.21.1"
      },
      "peerDependenciesMeta": {
        "tree-sitter": {
          "optional": true
        }
      }
    },
    "node_modules/@rescript/darwin-arm64": {
      "version": "12.0.2",
      "resolved": "https://registry.npmjs.org/@rescript/darwin-arm64/-/darwin-arm64-12.0.2.tgz",
      "integrity": "sha512-GcfiPE0L2N7smWXMBEW4pvlcqblSbKh2tisZTuOaLPr9+WmaXnBLap6OUT+XoEWzTY0RA4QURfpNJLAgqZPrzw==",
      "cpu": [
        "arm64"
      ],
      "dev": true,
      "optional": true,
      "os": [
        "darwin"
      ],
      "engines": {
        "node": ">=20.11.0"
      }
    },
    "node_modules/@rescript/darwin-x64": {
      "version": "12.0.2",
      "resolved": "https://registry.npmjs.org/@rescript/darwin-x64/-/darwin-x64-12.0.2.tgz",
      "integrity": "sha512-di4eucoDdLsLqz86h7Cwywsmt+xFup7rpVlkx8L7i22RTqyTw+CD6aGjFj1Ddj2sVUd5SSFiE9Hj86QggzUgbg==",
      "cpu": [
        "x64"
      ],
      "dev": true,
      "optional": true,
      "os": [
        "darwin"
      ],
      "engines": {
        "node": ">=20.11.0"
      }
    },
    "node_modules/@rescript/linux-arm64": {
      "version": "12.0.2",
      "resolved": "https://registry.npmjs.org/@rescript/linux-arm64/-/linux-arm64-12.0.2.tgz",
      "integrity": "sha512-x6WOyimX0kw9DGADQ02R2rmvKu8SQOrskfYrKREfc2CgDT+FOKAH+qxvpUiljKhrvthoHkVBJOXtlKk854OdjQ==",
      "cpu": [
        "arm64"
      ],
      "dev": true,
      "optional": true,
      "os": [
        "linux"
      ],
      "engines": {
        "node": ">=20.11.0"
      }
    },
    "node_modules/@rescript/linux-x64": {
      "version": "12.0.2",
      "resolved": "https://registry.npmjs.org/@rescript/linux-x64/-/linux-x64-12.0.2.tgz",
      "integrity": "sha512-5QHE+Ca1h3qXxDkw343923WTEdEyBeXphrv+8SZLhLOFNabQ5t6m4rWf52RluDqQpa67j6GB8kVAZpqc2rA2Qw==",
      "cpu": [
        "x64"
      ],
      "dev": true,
      "optional": true,
      "os": [
        "linux"
      ],
      "engines": {
        "node": ">=20.11.0"
      }
    },
    "node_modules/@rescript/runtime": {
      "version": "12.0.2",
      "resolved": "https://registry.npmjs.org/@rescript/runtime/-/runtime-12.0.2.tgz",
      "integrity": "sha512-Jma1QEgns/WlWeVap/Mv6dVbFEKmftPOrmwQbzLQnnrQ9z6PJjorHIvDMQUigQKnvM/4RhRJ3LiG+CsNtgS9ww==",
      "dev": true
    },
    "node_modules/@rescript/win32-x64": {
      "version": "12.0.2",
      "resolved": "https://registry.npmjs.org/@rescript/win32-x64/-/win32-x64-12.0.2.tgz",
      "integrity": "sha512-QcNQiok3H2Xd+cReB1kpH4hlPXnT7DA6ETsJfZugTUOKOdAYLTJ+Imynv+ojuafkUrwa2v0tZAiqHaQsDjf9IQ==",
      "cpu": [
        "x64"
      ],
      "dev": true,
      "optional": true,
      "os": [
        "win32"
      ],
      "engines": {
        "node": ">=20.11.0"
      }
    },
    "node_modules/nan": {
      "version": "2.22.2",
      "resolved": "https://registry.npmjs.org/nan/-/nan-2.22.2.tgz",
      "integrity": "sha512-DANghxFkS1plDdRsX0X9pm0Z6SJNN6gBdtXfanwoZ8hooC5gosGFSBGRYHUVPz1asKA/kMRqDRdHrluZ61SpBQ==",
      "license": "MIT"
    },
    "node_modules/node-addon-api": {
      "version": "8.3.1",
      "resolved": "https://registry.npmjs.org/node-addon-api/-/node-addon-api-8.3.1.tgz",
      "integrity": "sha512-lytcDEdxKjGJPTLEfW4mYMigRezMlyJY8W4wxJK8zE533Jlb8L8dRuObJFWg2P+AuOIxoCgKF+2Oq4d4Zd0OUA==",
      "license": "MIT",
      "engines": {
        "node": "^18 || ^20 || >= 21"
      }
    },
    "node_modules/node-gyp-build": {
      "version": "4.8.4",
      "resolved": "https://registry.npmjs.org/node-gyp-build/-/node-gyp-build-4.8.4.tgz",
      "integrity": "sha512-LA4ZjwlnUblHVgq0oBF3Jl/6h/Nvs5fzBLwdEF4nuxnFdsfajde4WfxtJr3CaiH+F6ewcIB/q4jQ4UzPyid+CQ==",
      "license": "MIT",
      "bin": {
        "node-gyp-build": "bin.js",
        "node-gyp-build-optional": "optional.js",
        "node-gyp-build-test": "build-test.js"
      }
    },
    "node_modules/rescript": {
      "version": "12.0.2",
      "resolved": "https://registry.npmjs.org/rescript/-/rescript-12.0.2.tgz",
      "integrity": "sha512-H1K9ovIxg2BVwJcXN1cZv0Q1pJEyFgNcUDKHSkmKmv5eBZMpXBASTZ2+grDt0zFFNoeFA1B9abAjSf+oTTi7hg==",
      "dev": true,
      "license": "SEE LICENSE IN LICENSE",
      "workspaces": [
        "packages/playground",
        "packages/@rescript/*",
        "tests/dependencies/**",
        "tests/analysis_tests/**",
        "tests/docstring_tests",
        "tests/gentype_tests/**",
        "tests/tools_tests",
        "scripts/res"
      ],
      "dependencies": {
        "@rescript/runtime": "12.0.2"
      },
      "bin": {
        "bsc": "cli/bsc.js",
        "bstracing": "cli/bstracing.js",
        "rescript": "cli/rescript.js",
        "rescript-legacy": "cli/rescript-legacy.js",
        "rescript-tools": "cli/rescript-tools.js"
      },
      "engines": {
        "node": ">=20.11.0"
      },
      "optionalDependencies": {
        "@rescript/darwin-arm64": "12.0.2",
        "@rescript/darwin-x64": "12.0.2",
        "@rescript/linux-arm64": "12.0.2",
        "@rescript/linux-x64": "12.0.2",
        "@rescript/win32-x64": "12.0.2"
      }
    },
    "node_modules/tree-sitter-cli": {
      "version": "0.26.3",
      "resolved": "https://registry.npmjs.org/tree-sitter-cli/-/tree-sitter-cli-0.26.3.tgz",
      "integrity": "sha512-1VHpmjnTsYJk03HDqzLGn9dmJaLsJ7YeGsnnSudC6XOZu5oasz0GEVOIVCTe6hA01YZJgHd1XGO6XJZe0Sj7tw==",
      "dev": true,
      "hasInstallScript": true,
      "license": "MIT",
      "bin": {
        "tree-sitter": "cli.js"
      },
      "engines": {
        "node": ">=12.0.0"
      }
    }
  }
}
